{
  "pins" : [
    {
      "identity" : "rainbow",
      "kind" : "remoteSourceControl",
      "location" : "https://github.com/onevcat/Rainbow",
      "state" : {
        "revision" : "e0dada9cd44e3fa7ec3b867e49a8ddbf543e3df3",
        "version" : "4.0.1"
      }
    },
    {
      "identity" : "sh",
      "kind" : "remoteSourceControl",
      "location" : "https://github.com/DanielSincere/Sh.git",
      "state" : {
        "revision" : "1c30064de9dceac00aa3fefc70a1431e425e5f28",
        "version" : "1.3.0"
      }
    }
  ],
  "version" : 2
}
